{
  "lockfile_version": "1",
  "packages": {
    "go@1.23.1": {
      "last_modified": "2024-09-10T15:01:03Z",
      "resolved": "github:NixOS/nixpkgs/5ed627539ac84809c78b2dd6d26a5cebeb5ae269#go_1_23",
      "source": "devbox-search",
      "version": "1.23.1",
      "systems": {
        "aarch64-darwin": {
          "outputs": [
            {
              "name": "out",
              "path": "/nix/store/nvaay1c4banbccyvv6ba1gzyqpypjmfq-go-1.23.1",
              "default": true
            }
          ],
          "store_path": "/nix/store/nvaay1c4banbccyvv6ba1gzyqpypjmfq-go-1.23.1"
        },
        "aarch64-linux": {
          "outputs": [
            {
              "name": "out",
              "path": "/nix/store/9ylsay11jb3p6yarkmlz0fin76cdypwa-go-1.23.1",
              "default": true
            }
          ],
          "store_path": "/nix/store/9ylsay11jb3p6yarkmlz0fin76cdypwa-go-1.23.1"
        },
        "x86_64-darwin": {
          "outputs": [
            {
              "name": "out",
              "path": "/nix/store/zkg5xhyx2rs03dq0qp14nqlx9ff1y5c5-go-1.23.1",
              "default": true
            }
          ],
          "store_path": "/nix/store/zkg5xhyx2rs03dq0qp14nqlx9ff1y5c5-go-1.23.1"
        },
        "x86_64-linux": {
          "outputs": [
            {
              "name": "out",
              "path": "/nix/store/mi0ybwsm6pmxzv9hsm6bcbqaq1pkf8wh-go-1.23.1",
              "default": true
            }
          ],
          "store_path": "/nix/store/mi0ybwsm6pmxzv9hsm6bcbqaq1pkf8wh-go-1.23.1"
        }
      }
    },
    "gopls@0.16.2": {
      "last_modified": "2024-09-12T02:28:40Z",
      "resolved": "github:NixOS/nixpkgs/111ed8812c10d7dc3017de46cbf509600c93f551#gopls",
      "source": "devbox-search",
      "version": "0.16.2",
      "systems": {
        "aarch64-darwin": {
          "outputs": [
            {
              "name": "out",
              "path": "/nix/store/62algcwigrdx7ak14dwppjdsdy9aziva-gopls-0.16.2",
              "default": true
            }
          ],
          "store_path": "/nix/store/62algcwigrdx7ak14dwppjdsdy9aziva-gopls-0.16.2"
        },
        "aarch64-linux": {
          "outputs": [
            {
              "name": "out",
              "path": "/nix/store/l4xb6niqplxri2ziwajjm87apdwgld21-gopls-0.16.2",
              "default": true
            }
          ],
          "store_path": "/nix/store/l4xb6niqplxri2ziwajjm87apdwgld21-gopls-0.16.2"
        },
        "x86_64-darwin": {
          "outputs": [
            {
              "name": "out",
              "path": "/nix/store/8ffc2jqw59mkhzj7s06rnwgh7i16qric-gopls-0.16.2",
              "default": true
            }
          ],
          "store_path": "/nix/store/8ffc2jqw59mkhzj7s06rnwgh7i16qric-gopls-0.16.2"
        },
        "x86_64-linux": {
          "outputs": [
            {
              "name": "out",
              "path": "/nix/store/6nysag23irns7ldbsdrjwc1ckap1hqm6-gopls-0.16.2",
              "default": true
            }
          ],
          "store_path": "/nix/store/6nysag23irns7ldbsdrjwc1ckap1hqm6-gopls-0.16.2"
        }
      }
    }
  }
}
